
Microsoft Visual Studio Solution File, Format Version 12.00
# Visual Studio Version 16
VisualStudioVersion = 16.0.30011.22
MinimumVisualStudioVersion = 10.0.40219.1
Project("{9A19103F-16F7-4668-BE54-9A1E7A4F7556}") = "AuthenticationApi", "AuthenticationApi.csproj", "{4FDE5DCB-CE20-4286-883D-20EC6F551BB2}"
EndProject
Project("{FAE04EC0-301F-11D3-BF4B-00C04F79EFBC}") = "AuthenticationTest", "..\AuthenticationTest\AuthenticationTest.csproj", "{11643DB2-07BE-43FD-89A1-F23F872DAD25}"
EndProject
Global
	GlobalSection(SolutionConfigurationPlatforms) = preSolution
		Debug|Any CPU = Debug|Any CPU
		Release|Any CPU = Release|Any CPU
	EndGlobalSection
	GlobalSection(ProjectConfigurationPlatforms) = postSolution
		{4FDE5DCB-CE20-4286-883D-20EC6F551BB2}.Debug|Any CPU.ActiveCfg = Debug|Any CPU
		{4FDE5DCB-CE20-4286-883D-20EC6F551BB2}.Debug|Any CPU.Build.0 = Debug|Any CPU
		{4FDE5DCB-CE20-4286-883D-20EC6F551BB2}.Release|Any CPU.ActiveCfg = Release|Any CPU
		{4FDE5DCB-CE20-4286-883D-20EC6F551BB2}.Release|Any CPU.Build.0 = Release|Any CPU
		{11643DB2-07BE-43FD-89A1-F23F872DAD25}.Debug|Any CPU.ActiveCfg = Debug|Any CPU
		{11643DB2-07BE-43FD-89A1-F23F872DAD25}.Debug|Any CPU.Build.0 = Debug|Any CPU
		{11643DB2-07BE-43FD-89A1-F23F872DAD25}.Release|Any CPU.ActiveCfg = Release|Any CPU
		{11643DB2-07BE-43FD-89A1-F23F872DAD25}.Release|Any CPU.Build.0 = Release|Any CPU
	EndGlobalSection
	GlobalSection(SolutionProperties) = preSolution
		HideSolutionNode = FALSE
	EndGlobalSection
	GlobalSection(ExtensibilityGlobals) = postSolution
		SolutionGuid = {0A5632A9-36A1-47CA-98BD-B6FEE0B48651}
	EndGlobalSection
EndGlobal
